
Microsoft Visual Studio Solution File, Format Version 12.00
# Visual Studio Version 17
VisualStudioVersion = 17.4.33213.308
MinimumVisualStudioVersion = 10.0.40219.1
Project("{FAE04EC0-301F-11D3-BF4B-00C04F79EFBC}") = "PrivadasIoT", "PrivadasIoT\PrivadasIoT.csproj", "{94CF56D5-CF07-41DD-99D0-7249DEB80DC3}"
EndProject
Global
	GlobalSection(SolutionConfigurationPlatforms) = preSolution
		Debug|Any CPU = Debug|Any CPU
		Release|Any CPU = Release|Any CPU
	EndGlobalSection
	GlobalSection(ProjectConfigurationPlatforms) = postSolution
		{94CF56D5-CF07-41DD-99D0-7249DEB80DC3}.Debug|Any CPU.ActiveCfg = Debug|Any CPU
		{94CF56D5-CF07-41DD-99D0-7249DEB80DC3}.Debug|Any CPU.Build.0 = Debug|Any CPU
		{94CF56D5-CF07-41DD-99D0-7249DEB80DC3}.Release|Any CPU.ActiveCfg = Release|Any CPU
		{94CF56D5-CF07-41DD-99D0-7249DEB80DC3}.Release|Any CPU.Build.0 = Release|Any CPU
	EndGlobalSection
	GlobalSection(SolutionProperties) = preSolution
		HideSolutionNode = FALSE
	EndGlobalSection
	GlobalSection(ExtensibilityGlobals) = postSolution
		SolutionGuid = {CDEE56C2-F6CB-48E4-9DFC-7DE74F26DCF2}
	EndGlobalSection
EndGlobal
